
Microsoft Visual Studio Solution File, Format Version 12.00
# Visual Studio Version 17
VisualStudioVersion = 17.4.33205.214
MinimumVisualStudioVersion = 10.0.40219.1
Project("{9A19103F-16F7-4668-BE54-9A1E7A4F7556}") = "ProjectEuler - 10", "ProjectEuler - 10\ProjectEuler - 10.csproj", "{38B99617-FEC3-4980-9E40-76974176DFC7}"
EndProject
Project("{9A19103F-16F7-4668-BE54-9A1E7A4F7556}") = "ProjectEuler - 11", "ProjectEuler - 11\ProjectEuler - 11.csproj", "{909D1212-0180-44BE-A473-2D37AD15DBD3}"
EndProject
Project("{9A19103F-16F7-4668-BE54-9A1E7A4F7556}") = "ProjectEuler - 01", "ProjectEuler - 01\ProjectEuler - 01.csproj", "{544A2782-A4C7-4D6A-A495-9A027F18CBFC}"
EndProject
Project("{9A19103F-16F7-4668-BE54-9A1E7A4F7556}") = "ProjectEuler - 02", "ProjectEuler - 02\ProjectEuler - 02.csproj", "{B21271EF-D2F1-4E1D-A40D-6E452831C59F}"
EndProject
Project("{9A19103F-16F7-4668-BE54-9A1E7A4F7556}") = "ProjectEuler - 03", "ProjectEuler - 03\ProjectEuler - 03.csproj", "{36FC1C1A-7D22-4596-9626-A3A33B966231}"
EndProject
Project("{9A19103F-16F7-4668-BE54-9A1E7A4F7556}") = "ProjectEuler - 04", "ProjectEuler - 04\ProjectEuler - 04.csproj", "{1A26A262-ED9A-4617-B720-A1C5E6EB99E0}"
EndProject
Project("{9A19103F-16F7-4668-BE54-9A1E7A4F7556}") = "ProjectEuler - 05", "ProjectEuler - 05\ProjectEuler - 05.csproj", "{E9EF42D5-CE29-4003-AB2D-2BF30BFB4E13}"
EndProject
Project("{9A19103F-16F7-4668-BE54-9A1E7A4F7556}") = "ProjectEuler - 06", "ProjectEuler - 06\ProjectEuler - 06.csproj", "{22CCB20E-C987-4A8A-8BDB-17D75C83D0BF}"
EndProject
Project("{9A19103F-16F7-4668-BE54-9A1E7A4F7556}") = "ProjectEuler - 07", "ProjectEuler - 07\ProjectEuler - 07.csproj", "{764989A7-8406-470F-8E78-357603C477CF}"
EndProject
Project("{9A19103F-16F7-4668-BE54-9A1E7A4F7556}") = "ProjectEuler - 08", "ProjectEuler - 08\ProjectEuler - 08.csproj", "{F9608A78-B6B5-4C0C-A3B9-7CEC9F512348}"
EndProject
Project("{9A19103F-16F7-4668-BE54-9A1E7A4F7556}") = "ProjectEuler - 09", "ProjectEuler - 09\ProjectEuler - 09.csproj", "{B4D65DAB-83B9-4C2C-A334-4B5ED986FD9E}"
EndProject
Project("{FAE04EC0-301F-11D3-BF4B-00C04F79EFBC}") = "ProjectEuler - 12", "ProjectEuler - 12\ProjectEuler - 12.csproj", "{BF4A90FF-8787-4331-BECF-FB472404EF1B}"
EndProject
Global
	GlobalSection(SolutionConfigurationPlatforms) = preSolution
		Debug|Any CPU = Debug|Any CPU
		Release|Any CPU = Release|Any CPU
	EndGlobalSection
	GlobalSection(ProjectConfigurationPlatforms) = postSolution
		{38B99617-FEC3-4980-9E40-76974176DFC7}.Debug|Any CPU.ActiveCfg = Debug|Any CPU
		{38B99617-FEC3-4980-9E40-76974176DFC7}.Debug|Any CPU.Build.0 = Debug|Any CPU
		{38B99617-FEC3-4980-9E40-76974176DFC7}.Release|Any CPU.ActiveCfg = Release|Any CPU
		{38B99617-FEC3-4980-9E40-76974176DFC7}.Release|Any CPU.Build.0 = Release|Any CPU
		{909D1212-0180-44BE-A473-2D37AD15DBD3}.Debug|Any CPU.ActiveCfg = Debug|Any CPU
		{909D1212-0180-44BE-A473-2D37AD15DBD3}.Debug|Any CPU.Build.0 = Debug|Any CPU
		{909D1212-0180-44BE-A473-2D37AD15DBD3}.Release|Any CPU.ActiveCfg = Release|Any CPU
		{909D1212-0180-44BE-A473-2D37AD15DBD3}.Release|Any CPU.Build.0 = Release|Any CPU
		{544A2782-A4C7-4D6A-A495-9A027F18CBFC}.Debug|Any CPU.ActiveCfg = Debug|Any CPU
		{544A2782-A4C7-4D6A-A495-9A027F18CBFC}.Debug|Any CPU.Build.0 = Debug|Any CPU
		{544A2782-A4C7-4D6A-A495-9A027F18CBFC}.Release|Any CPU.ActiveCfg = Release|Any CPU
		{544A2782-A4C7-4D6A-A495-9A027F18CBFC}.Release|Any CPU.Build.0 = Release|Any CPU
		{B21271EF-D2F1-4E1D-A40D-6E452831C59F}.Debug|Any CPU.ActiveCfg = Debug|Any CPU
		{B21271EF-D2F1-4E1D-A40D-6E452831C59F}.Debug|Any CPU.Build.0 = Debug|Any CPU
		{B21271EF-D2F1-4E1D-A40D-6E452831C59F}.Release|Any CPU.ActiveCfg = Release|Any CPU
		{B21271EF-D2F1-4E1D-A40D-6E452831C59F}.Release|Any CPU.Build.0 = Release|Any CPU
		{36FC1C1A-7D22-4596-9626-A3A33B966231}.Debug|Any CPU.ActiveCfg = Debug|Any CPU
		{36FC1C1A-7D22-4596-9626-A3A33B966231}.Debug|Any CPU.Build.0 = Debug|Any CPU
		{36FC1C1A-7D22-4596-9626-A3A33B966231}.Release|Any CPU.ActiveCfg = Release|Any CPU
		{36FC1C1A-7D22-4596-9626-A3A33B966231}.Release|Any CPU.Build.0 = Release|Any CPU
		{1A26A262-ED9A-4617-B720-A1C5E6EB99E0}.Debug|Any CPU.ActiveCfg = Debug|Any CPU
		{1A26A262-ED9A-4617-B720-A1C5E6EB99E0}.Debug|Any CPU.Build.0 = Debug|Any CPU
		{1A26A262-ED9A-4617-B720-A1C5E6EB99E0}.Release|Any CPU.ActiveCfg = Release|Any CPU
		{1A26A262-ED9A-4617-B720-A1C5E6EB99E0}.Release|Any CPU.Build.0 = Release|Any CPU
		{E9EF42D5-CE29-4003-AB2D-2BF30BFB4E13}.Debug|Any CPU.ActiveCfg = Debug|Any CPU
		{E9EF42D5-CE29-4003-AB2D-2BF30BFB4E13}.Debug|Any CPU.Build.0 = Debug|Any CPU
		{E9EF42D5-CE29-4003-AB2D-2BF30BFB4E13}.Release|Any CPU.ActiveCfg = Release|Any CPU
		{E9EF42D5-CE29-4003-AB2D-2BF30BFB4E13}.Release|Any CPU.Build.0 = Release|Any CPU
		{22CCB20E-C987-4A8A-8BDB-17D75C83D0BF}.Debug|Any CPU.ActiveCfg = Debug|Any CPU
		{22CCB20E-C987-4A8A-8BDB-17D75C83D0BF}.Debug|Any CPU.Build.0 = Debug|Any CPU
		{22CCB20E-C987-4A8A-8BDB-17D75C83D0BF}.Release|Any CPU.ActiveCfg = Release|Any CPU
		{22CCB20E-C987-4A8A-8BDB-17D75C83D0BF}.Release|Any CPU.Build.0 = Release|Any CPU
		{764989A7-8406-470F-8E78-357603C477CF}.Debug|Any CPU.ActiveCfg = Debug|Any CPU
		{764989A7-8406-470F-8E78-357603C477CF}.Debug|Any CPU.Build.0 = Debug|Any CPU
		{764989A7-8406-470F-8E78-357603C477CF}.Release|Any CPU.ActiveCfg = Release|Any CPU
		{764989A7-8406-470F-8E78-357603C477CF}.Release|Any CPU.Build.0 = Release|Any CPU
		{F9608A78-B6B5-4C0C-A3B9-7CEC9F512348}.Debug|Any CPU.ActiveCfg = Debug|Any CPU
		{F9608A78-B6B5-4C0C-A3B9-7CEC9F512348}.Debug|Any CPU.Build.0 = Debug|Any CPU
		{F9608A78-B6B5-4C0C-A3B9-7CEC9F512348}.Release|Any CPU.ActiveCfg = Release|Any CPU
		{F9608A78-B6B5-4C0C-A3B9-7CEC9F512348}.Release|Any CPU.Build.0 = Release|Any CPU
		{B4D65DAB-83B9-4C2C-A334-4B5ED986FD9E}.Debug|Any CPU.ActiveCfg = Debug|Any CPU
		{B4D65DAB-83B9-4C2C-A334-4B5ED986FD9E}.Debug|Any CPU.Build.0 = Debug|Any CPU
		{B4D65DAB-83B9-4C2C-A334-4B5ED986FD9E}.Release|Any CPU.ActiveCfg = Release|Any CPU
		{B4D65DAB-83B9-4C2C-A334-4B5ED986FD9E}.Release|Any CPU.Build.0 = Release|Any CPU
		{BF4A90FF-8787-4331-BECF-FB472404EF1B}.Debug|Any CPU.ActiveCfg = Debug|Any CPU
		{BF4A90FF-8787-4331-BECF-FB472404EF1B}.Debug|Any CPU.Build.0 = Debug|Any CPU
		{BF4A90FF-8787-4331-BECF-FB472404EF1B}.Release|Any CPU.ActiveCfg = Release|Any CPU
		{BF4A90FF-8787-4331-BECF-FB472404EF1B}.Release|Any CPU.Build.0 = Release|Any CPU
	EndGlobalSection
	GlobalSection(SolutionProperties) = preSolution
		HideSolutionNode = FALSE
	EndGlobalSection
	GlobalSection(ExtensibilityGlobals) = postSolution
		SolutionGuid = {6370ECF9-D6F4-42D3-A6D6-6DC32BB00418}
	EndGlobalSection
EndGlobal
