
Microsoft Visual Studio Solution File, Format Version 12.00
# Visual Studio Version 17
VisualStudioVersion = 17.4.33205.214
MinimumVisualStudioVersion = 10.0.40219.1
Project("{9A19103F-16F7-4668-BE54-9A1E7A4F7556}") = "ProjectEuler - 10", "ProjectEuler - 10\ProjectEuler - 10.csproj", "{38B99617-FEC3-4980-9E40-76974176DFC7}"
EndProject
Project("{9A19103F-16F7-4668-BE54-9A1E7A4F7556}") = "ProjectEuler - 11", "ProjectEuler - 11\ProjectEuler - 11.csproj", "{909D1212-0180-44BE-A473-2D37AD15DBD3}"
EndProject
Project("{9A19103F-16F7-4668-BE54-9A1E7A4F7556}") = "ProjectEuler - 01", "ProjectEuler - 01\ProjectEuler - 01.csproj", "{544A2782-A4C7-4D6A-A495-9A027F18CBFC}"
EndProject
Project("{9A19103F-16F7-4668-BE54-9A1E7A4F7556}") = "ProjectEuler - 02", "ProjectEuler - 02\ProjectEuler - 02.csproj", "{B21271EF-D2F1-4E1D-A40D-6E452831C59F}"
EndProject
Project("{9A19103F-16F7-4668-BE54-9A1E7A4F7556}") = "ProjectEuler - 03", "ProjectEuler - 03\ProjectEuler - 03.csproj", "{36FC1C1A-7D22-4596-9626-A3A33B966231}"
EndProject
Project("{9A19103F-16F7-4668-BE54-9A1E7A4F7556}") = "ProjectEuler - 04", "ProjectEuler - 04\ProjectEuler - 04.csproj", "{1A26A262-ED9A-4617-B720-A1C5E6EB99E0}"
EndProject
Project("{9A19103F-16F7-4668-BE54-9A1E7A4F7556}") = "ProjectEuler - 05", "ProjectEuler - 05\ProjectEuler - 05.csproj", "{E9EF42D5-CE29-4003-AB2D-2BF30BFB4E13}"
EndProject
Project("{9A19103F-16F7-4668-BE54-9A1E7A4F7556}") = "ProjectEuler - 06", "ProjectEuler - 06\ProjectEuler - 06.csproj", "{22CCB20E-C987-4A8A-8BDB-17D75C83D0BF}"
EndProject
Project("{9A19103F-16F7-4668-BE54-9A1E7A4F7556}") = "ProjectEuler - 07", "ProjectEuler - 07\ProjectEuler - 07.csproj", "{764989A7-8406-470F-8E78-357603C477CF}"
EndProject
Project("{9A19103F-16F7-4668-BE54-9A1E7A4F7556}") = "ProjectEuler - 08", "ProjectEuler - 08\ProjectEuler - 08.csproj", "{F9608A78-B6B5-4C0C-A3B9-7CEC9F512348}"
EndProject
Project("{9A19103F-16F7-4668-BE54-9A1E7A4F7556}") = "ProjectEuler - 09", "ProjectEuler - 09\ProjectEuler - 09.csproj", "{B4D65DAB-83B9-4C2C-A334-4B5ED986FD9E}"
EndProject
Project("{9A19103F-16F7-4668-BE54-9A1E7A4F7556}") = "ProjectEuler - 12", "ProjectEuler - 12\ProjectEuler - 12.csproj", "{BF4A90FF-8787-4331-BECF-FB472404EF1B}"
EndProject
Project("{9A19103F-16F7-4668-BE54-9A1E7A4F7556}") = "ProjectEuler - 13", "ProjectEuler - 13\ProjectEuler - 13.csproj", "{860940F9-8426-40BE-9E81-73802A3159C6}"
EndProject
Project("{9A19103F-16F7-4668-BE54-9A1E7A4F7556}") = "ProjectEuler - 14", "ProjectEuler - 14\ProjectEuler - 14.csproj", "{BE85A087-A414-49A2-84BC-3E04E6BBCF7B}"
EndProject
Project("{9A19103F-16F7-4668-BE54-9A1E7A4F7556}") = "ProjectEuler - 15", "ProjectEuler - 15\ProjectEuler - 15.csproj", "{81E81705-21DB-408A-8853-EEBDA26EE46A}"
EndProject
Project("{9A19103F-16F7-4668-BE54-9A1E7A4F7556}") = "ProjectEuler - 16", "ProjectEuler - 16\ProjectEuler - 16.csproj", "{E6072271-2FB4-4713-9FAB-88B1E1B2674B}"
EndProject
Project("{9A19103F-16F7-4668-BE54-9A1E7A4F7556}") = "ProjectEuler - 17", "ProjectEuler - 17\ProjectEuler - 17.csproj", "{C9C9CEB2-9780-409F-8779-F7F866F63186}"
EndProject
Project("{9A19103F-16F7-4668-BE54-9A1E7A4F7556}") = "ProjectEuler - 18", "ProjectEuler - 18\ProjectEuler - 18.csproj", "{4A9FF76F-A264-4D82-BC55-6D13900B18F2}"
EndProject
Project("{9A19103F-16F7-4668-BE54-9A1E7A4F7556}") = "ProjectEuler - 19", "ProjectEuler - 19\ProjectEuler - 19.csproj", "{9A7BD7F0-7A3C-4585-8E5E-DAD7DAF842ED}"
EndProject
Project("{9A19103F-16F7-4668-BE54-9A1E7A4F7556}") = "ProjectEuler - 20", "ProjectEuler - 20\ProjectEuler - 20.csproj", "{9F41F68F-06CE-45A6-8F4D-0038CB173BD1}"
EndProject
Project("{9A19103F-16F7-4668-BE54-9A1E7A4F7556}") = "ProjectEuler - 21", "ProjectEuler - 21\ProjectEuler - 21.csproj", "{454A3B5F-D8B5-4C52-8C38-AAEBB557D4BC}"
EndProject
Project("{9A19103F-16F7-4668-BE54-9A1E7A4F7556}") = "ProjectEuler - 22", "ProjectEuler - 22\ProjectEuler - 22.csproj", "{617CCE3E-C12F-4AA6-BCA2-5446308CAFEA}"
EndProject
Project("{9A19103F-16F7-4668-BE54-9A1E7A4F7556}") = "ProjectEuler - 23", "ProjectEuler - 23\ProjectEuler - 23.csproj", "{D67CD95D-BE06-45B0-BC5A-92BF1D2C7ED9}"
EndProject
Project("{9A19103F-16F7-4668-BE54-9A1E7A4F7556}") = "ProjectEuler - 24", "ProjectEuler - 24\ProjectEuler - 24.csproj", "{2EA7C60C-1D28-4014-B7CE-305F52B6BB9C}"
EndProject
Project("{9A19103F-16F7-4668-BE54-9A1E7A4F7556}") = "ProjectEuler - 25", "ProjectEuler - 25\ProjectEuler - 25.csproj", "{80510415-918C-4C43-8463-F1C1A79F1CB9}"
EndProject
Project("{9A19103F-16F7-4668-BE54-9A1E7A4F7556}") = "ProjectEuler - 26", "ProjectEuler - 26\ProjectEuler - 26.csproj", "{E67E9AED-89D4-44FA-BE11-064030F3891A}"
EndProject
Project("{FAE04EC0-301F-11D3-BF4B-00C04F79EFBC}") = "ProjectEuler - 27", "ProjectEuler - 27\ProjectEuler - 27.csproj", "{6FAEB17D-D085-443B-9346-64673621DF5D}"
EndProject
Project("{2150E333-8FDC-42A3-9474-1A3956D46DE8}") = "Solution Items", "Solution Items", "{1B71AA7C-B7FB-4B01-8478-A2B36280EF68}"
	ProjectSection(SolutionItems) = preProject
		project_euler_problems.txt = project_euler_problems.txt
	EndProjectSection
EndProject
Project("{FAE04EC0-301F-11D3-BF4B-00C04F79EFBC}") = "ProjectEuler - 28", "ProjectEuler - 28\ProjectEuler - 28.csproj", "{C647B9DE-9F21-497A-AB83-C229BA31DE61}"
EndProject
Global
	GlobalSection(SolutionConfigurationPlatforms) = preSolution
		Debug|Any CPU = Debug|Any CPU
		Release|Any CPU = Release|Any CPU
	EndGlobalSection
	GlobalSection(ProjectConfigurationPlatforms) = postSolution
		{38B99617-FEC3-4980-9E40-76974176DFC7}.Debug|Any CPU.ActiveCfg = Debug|Any CPU
		{38B99617-FEC3-4980-9E40-76974176DFC7}.Debug|Any CPU.Build.0 = Debug|Any CPU
		{38B99617-FEC3-4980-9E40-76974176DFC7}.Release|Any CPU.ActiveCfg = Release|Any CPU
		{38B99617-FEC3-4980-9E40-76974176DFC7}.Release|Any CPU.Build.0 = Release|Any CPU
		{909D1212-0180-44BE-A473-2D37AD15DBD3}.Debug|Any CPU.ActiveCfg = Debug|Any CPU
		{909D1212-0180-44BE-A473-2D37AD15DBD3}.Debug|Any CPU.Build.0 = Debug|Any CPU
		{909D1212-0180-44BE-A473-2D37AD15DBD3}.Release|Any CPU.ActiveCfg = Release|Any CPU
		{909D1212-0180-44BE-A473-2D37AD15DBD3}.Release|Any CPU.Build.0 = Release|Any CPU
		{544A2782-A4C7-4D6A-A495-9A027F18CBFC}.Debug|Any CPU.ActiveCfg = Debug|Any CPU
		{544A2782-A4C7-4D6A-A495-9A027F18CBFC}.Debug|Any CPU.Build.0 = Debug|Any CPU
		{544A2782-A4C7-4D6A-A495-9A027F18CBFC}.Release|Any CPU.ActiveCfg = Release|Any CPU
		{544A2782-A4C7-4D6A-A495-9A027F18CBFC}.Release|Any CPU.Build.0 = Release|Any CPU
		{B21271EF-D2F1-4E1D-A40D-6E452831C59F}.Debug|Any CPU.ActiveCfg = Debug|Any CPU
		{B21271EF-D2F1-4E1D-A40D-6E452831C59F}.Debug|Any CPU.Build.0 = Debug|Any CPU
		{B21271EF-D2F1-4E1D-A40D-6E452831C59F}.Release|Any CPU.ActiveCfg = Release|Any CPU
		{B21271EF-D2F1-4E1D-A40D-6E452831C59F}.Release|Any CPU.Build.0 = Release|Any CPU
		{36FC1C1A-7D22-4596-9626-A3A33B966231}.Debug|Any CPU.ActiveCfg = Debug|Any CPU
		{36FC1C1A-7D22-4596-9626-A3A33B966231}.Debug|Any CPU.Build.0 = Debug|Any CPU
		{36FC1C1A-7D22-4596-9626-A3A33B966231}.Release|Any CPU.ActiveCfg = Release|Any CPU
		{36FC1C1A-7D22-4596-9626-A3A33B966231}.Release|Any CPU.Build.0 = Release|Any CPU
		{1A26A262-ED9A-4617-B720-A1C5E6EB99E0}.Debug|Any CPU.ActiveCfg = Debug|Any CPU
		{1A26A262-ED9A-4617-B720-A1C5E6EB99E0}.Debug|Any CPU.Build.0 = Debug|Any CPU
		{1A26A262-ED9A-4617-B720-A1C5E6EB99E0}.Release|Any CPU.ActiveCfg = Release|Any CPU
		{1A26A262-ED9A-4617-B720-A1C5E6EB99E0}.Release|Any CPU.Build.0 = Release|Any CPU
		{E9EF42D5-CE29-4003-AB2D-2BF30BFB4E13}.Debug|Any CPU.ActiveCfg = Debug|Any CPU
		{E9EF42D5-CE29-4003-AB2D-2BF30BFB4E13}.Debug|Any CPU.Build.0 = Debug|Any CPU
		{E9EF42D5-CE29-4003-AB2D-2BF30BFB4E13}.Release|Any CPU.ActiveCfg = Release|Any CPU
		{E9EF42D5-CE29-4003-AB2D-2BF30BFB4E13}.Release|Any CPU.Build.0 = Release|Any CPU
		{22CCB20E-C987-4A8A-8BDB-17D75C83D0BF}.Debug|Any CPU.ActiveCfg = Debug|Any CPU
		{22CCB20E-C987-4A8A-8BDB-17D75C83D0BF}.Debug|Any CPU.Build.0 = Debug|Any CPU
		{22CCB20E-C987-4A8A-8BDB-17D75C83D0BF}.Release|Any CPU.ActiveCfg = Release|Any CPU
		{22CCB20E-C987-4A8A-8BDB-17D75C83D0BF}.Release|Any CPU.Build.0 = Release|Any CPU
		{764989A7-8406-470F-8E78-357603C477CF}.Debug|Any CPU.ActiveCfg = Debug|Any CPU
		{764989A7-8406-470F-8E78-357603C477CF}.Debug|Any CPU.Build.0 = Debug|Any CPU
		{764989A7-8406-470F-8E78-357603C477CF}.Release|Any CPU.ActiveCfg = Release|Any CPU
		{764989A7-8406-470F-8E78-357603C477CF}.Release|Any CPU.Build.0 = Release|Any CPU
		{F9608A78-B6B5-4C0C-A3B9-7CEC9F512348}.Debug|Any CPU.ActiveCfg = Debug|Any CPU
		{F9608A78-B6B5-4C0C-A3B9-7CEC9F512348}.Debug|Any CPU.Build.0 = Debug|Any CPU
		{F9608A78-B6B5-4C0C-A3B9-7CEC9F512348}.Release|Any CPU.ActiveCfg = Release|Any CPU
		{F9608A78-B6B5-4C0C-A3B9-7CEC9F512348}.Release|Any CPU.Build.0 = Release|Any CPU
		{B4D65DAB-83B9-4C2C-A334-4B5ED986FD9E}.Debug|Any CPU.ActiveCfg = Debug|Any CPU
		{B4D65DAB-83B9-4C2C-A334-4B5ED986FD9E}.Debug|Any CPU.Build.0 = Debug|Any CPU
		{B4D65DAB-83B9-4C2C-A334-4B5ED986FD9E}.Release|Any CPU.ActiveCfg = Release|Any CPU
		{B4D65DAB-83B9-4C2C-A334-4B5ED986FD9E}.Release|Any CPU.Build.0 = Release|Any CPU
		{BF4A90FF-8787-4331-BECF-FB472404EF1B}.Debug|Any CPU.ActiveCfg = Debug|Any CPU
		{BF4A90FF-8787-4331-BECF-FB472404EF1B}.Debug|Any CPU.Build.0 = Debug|Any CPU
		{BF4A90FF-8787-4331-BECF-FB472404EF1B}.Release|Any CPU.ActiveCfg = Release|Any CPU
		{BF4A90FF-8787-4331-BECF-FB472404EF1B}.Release|Any CPU.Build.0 = Release|Any CPU
		{860940F9-8426-40BE-9E81-73802A3159C6}.Debug|Any CPU.ActiveCfg = Debug|Any CPU
		{860940F9-8426-40BE-9E81-73802A3159C6}.Debug|Any CPU.Build.0 = Debug|Any CPU
		{860940F9-8426-40BE-9E81-73802A3159C6}.Release|Any CPU.ActiveCfg = Release|Any CPU
		{860940F9-8426-40BE-9E81-73802A3159C6}.Release|Any CPU.Build.0 = Release|Any CPU
		{BE85A087-A414-49A2-84BC-3E04E6BBCF7B}.Debug|Any CPU.ActiveCfg = Debug|Any CPU
		{BE85A087-A414-49A2-84BC-3E04E6BBCF7B}.Debug|Any CPU.Build.0 = Debug|Any CPU
		{BE85A087-A414-49A2-84BC-3E04E6BBCF7B}.Release|Any CPU.ActiveCfg = Release|Any CPU
		{BE85A087-A414-49A2-84BC-3E04E6BBCF7B}.Release|Any CPU.Build.0 = Release|Any CPU
		{81E81705-21DB-408A-8853-EEBDA26EE46A}.Debug|Any CPU.ActiveCfg = Debug|Any CPU
		{81E81705-21DB-408A-8853-EEBDA26EE46A}.Debug|Any CPU.Build.0 = Debug|Any CPU
		{81E81705-21DB-408A-8853-EEBDA26EE46A}.Release|Any CPU.ActiveCfg = Release|Any CPU
		{81E81705-21DB-408A-8853-EEBDA26EE46A}.Release|Any CPU.Build.0 = Release|Any CPU
		{E6072271-2FB4-4713-9FAB-88B1E1B2674B}.Debug|Any CPU.ActiveCfg = Debug|Any CPU
		{E6072271-2FB4-4713-9FAB-88B1E1B2674B}.Debug|Any CPU.Build.0 = Debug|Any CPU
		{E6072271-2FB4-4713-9FAB-88B1E1B2674B}.Release|Any CPU.ActiveCfg = Release|Any CPU
		{E6072271-2FB4-4713-9FAB-88B1E1B2674B}.Release|Any CPU.Build.0 = Release|Any CPU
		{C9C9CEB2-9780-409F-8779-F7F866F63186}.Debug|Any CPU.ActiveCfg = Debug|Any CPU
		{C9C9CEB2-9780-409F-8779-F7F866F63186}.Debug|Any CPU.Build.0 = Debug|Any CPU
		{C9C9CEB2-9780-409F-8779-F7F866F63186}.Release|Any CPU.ActiveCfg = Release|Any CPU
		{C9C9CEB2-9780-409F-8779-F7F866F63186}.Release|Any CPU.Build.0 = Release|Any CPU
		{4A9FF76F-A264-4D82-BC55-6D13900B18F2}.Debug|Any CPU.ActiveCfg = Debug|Any CPU
		{4A9FF76F-A264-4D82-BC55-6D13900B18F2}.Debug|Any CPU.Build.0 = Debug|Any CPU
		{4A9FF76F-A264-4D82-BC55-6D13900B18F2}.Release|Any CPU.ActiveCfg = Release|Any CPU
		{4A9FF76F-A264-4D82-BC55-6D13900B18F2}.Release|Any CPU.Build.0 = Release|Any CPU
		{9A7BD7F0-7A3C-4585-8E5E-DAD7DAF842ED}.Debug|Any CPU.ActiveCfg = Debug|Any CPU
		{9A7BD7F0-7A3C-4585-8E5E-DAD7DAF842ED}.Debug|Any CPU.Build.0 = Debug|Any CPU
		{9A7BD7F0-7A3C-4585-8E5E-DAD7DAF842ED}.Release|Any CPU.ActiveCfg = Release|Any CPU
		{9A7BD7F0-7A3C-4585-8E5E-DAD7DAF842ED}.Release|Any CPU.Build.0 = Release|Any CPU
		{9F41F68F-06CE-45A6-8F4D-0038CB173BD1}.Debug|Any CPU.ActiveCfg = Debug|Any CPU
		{9F41F68F-06CE-45A6-8F4D-0038CB173BD1}.Debug|Any CPU.Build.0 = Debug|Any CPU
		{9F41F68F-06CE-45A6-8F4D-0038CB173BD1}.Release|Any CPU.ActiveCfg = Release|Any CPU
		{9F41F68F-06CE-45A6-8F4D-0038CB173BD1}.Release|Any CPU.Build.0 = Release|Any CPU
		{454A3B5F-D8B5-4C52-8C38-AAEBB557D4BC}.Debug|Any CPU.ActiveCfg = Debug|Any CPU
		{454A3B5F-D8B5-4C52-8C38-AAEBB557D4BC}.Debug|Any CPU.Build.0 = Debug|Any CPU
		{454A3B5F-D8B5-4C52-8C38-AAEBB557D4BC}.Release|Any CPU.ActiveCfg = Release|Any CPU
		{454A3B5F-D8B5-4C52-8C38-AAEBB557D4BC}.Release|Any CPU.Build.0 = Release|Any CPU
		{617CCE3E-C12F-4AA6-BCA2-5446308CAFEA}.Debug|Any CPU.ActiveCfg = Debug|Any CPU
		{617CCE3E-C12F-4AA6-BCA2-5446308CAFEA}.Debug|Any CPU.Build.0 = Debug|Any CPU
		{617CCE3E-C12F-4AA6-BCA2-5446308CAFEA}.Release|Any CPU.ActiveCfg = Release|Any CPU
		{617CCE3E-C12F-4AA6-BCA2-5446308CAFEA}.Release|Any CPU.Build.0 = Release|Any CPU
		{D67CD95D-BE06-45B0-BC5A-92BF1D2C7ED9}.Debug|Any CPU.ActiveCfg = Debug|Any CPU
		{D67CD95D-BE06-45B0-BC5A-92BF1D2C7ED9}.Debug|Any CPU.Build.0 = Debug|Any CPU
		{D67CD95D-BE06-45B0-BC5A-92BF1D2C7ED9}.Release|Any CPU.ActiveCfg = Release|Any CPU
		{D67CD95D-BE06-45B0-BC5A-92BF1D2C7ED9}.Release|Any CPU.Build.0 = Release|Any CPU
		{2EA7C60C-1D28-4014-B7CE-305F52B6BB9C}.Debug|Any CPU.ActiveCfg = Debug|Any CPU
		{2EA7C60C-1D28-4014-B7CE-305F52B6BB9C}.Debug|Any CPU.Build.0 = Debug|Any CPU
		{2EA7C60C-1D28-4014-B7CE-305F52B6BB9C}.Release|Any CPU.ActiveCfg = Release|Any CPU
		{2EA7C60C-1D28-4014-B7CE-305F52B6BB9C}.Release|Any CPU.Build.0 = Release|Any CPU
		{80510415-918C-4C43-8463-F1C1A79F1CB9}.Debug|Any CPU.ActiveCfg = Debug|Any CPU
		{80510415-918C-4C43-8463-F1C1A79F1CB9}.Debug|Any CPU.Build.0 = Debug|Any CPU
		{80510415-918C-4C43-8463-F1C1A79F1CB9}.Release|Any CPU.ActiveCfg = Release|Any CPU
		{80510415-918C-4C43-8463-F1C1A79F1CB9}.Release|Any CPU.Build.0 = Release|Any CPU
		{E67E9AED-89D4-44FA-BE11-064030F3891A}.Debug|Any CPU.ActiveCfg = Debug|Any CPU
		{E67E9AED-89D4-44FA-BE11-064030F3891A}.Debug|Any CPU.Build.0 = Debug|Any CPU
		{E67E9AED-89D4-44FA-BE11-064030F3891A}.Release|Any CPU.ActiveCfg = Release|Any CPU
		{E67E9AED-89D4-44FA-BE11-064030F3891A}.Release|Any CPU.Build.0 = Release|Any CPU
		{6FAEB17D-D085-443B-9346-64673621DF5D}.Debug|Any CPU.ActiveCfg = Debug|Any CPU
		{6FAEB17D-D085-443B-9346-64673621DF5D}.Debug|Any CPU.Build.0 = Debug|Any CPU
		{6FAEB17D-D085-443B-9346-64673621DF5D}.Release|Any CPU.ActiveCfg = Release|Any CPU
		{6FAEB17D-D085-443B-9346-64673621DF5D}.Release|Any CPU.Build.0 = Release|Any CPU
		{C647B9DE-9F21-497A-AB83-C229BA31DE61}.Debug|Any CPU.ActiveCfg = Debug|Any CPU
		{C647B9DE-9F21-497A-AB83-C229BA31DE61}.Debug|Any CPU.Build.0 = Debug|Any CPU
		{C647B9DE-9F21-497A-AB83-C229BA31DE61}.Release|Any CPU.ActiveCfg = Release|Any CPU
		{C647B9DE-9F21-497A-AB83-C229BA31DE61}.Release|Any CPU.Build.0 = Release|Any CPU
	EndGlobalSection
	GlobalSection(SolutionProperties) = preSolution
		HideSolutionNode = FALSE
	EndGlobalSection
	GlobalSection(ExtensibilityGlobals) = postSolution
		SolutionGuid = {6370ECF9-D6F4-42D3-A6D6-6DC32BB00418}
	EndGlobalSection
EndGlobal
